
Microsoft Visual Studio Solution File, Format Version 12.00
# Visual Studio 14
VisualStudioVersion = 14.0.23107.0
MinimumVisualStudioVersion = 10.0.40219.1
Project("{FAE04EC0-301F-11D3-BF4B-00C04F79EFBC}") = "SortingAlogrithms", "AlogrithmsExamples\SortingAlogrithms.csproj", "{7F2BC5FB-5CB1-4863-8113-CEFFB29B9D12}"
EndProject
Project("{FAE04EC0-301F-11D3-BF4B-00C04F79EFBC}") = "Heap", "Heap\Heap.csproj", "{C30C4AD6-3C50-490E-9CBA-F15E9CCDD09D}"
EndProject
Project("{FAE04EC0-301F-11D3-BF4B-00C04F79EFBC}") = "SearchAlgorithms", "SearchAlgorithms\SearchAlgorithms.csproj", "{710061FA-E2AC-4B3D-B3E6-3AD0F853E79D}"
EndProject
Project("{FAE04EC0-301F-11D3-BF4B-00C04F79EFBC}") = "ShuffleAlgorithms", "ShuffleAlgorithms\ShuffleAlgorithms.csproj", "{33602BCC-F780-4E80-AF56-64E70E64C5E0}"
EndProject
Global
	GlobalSection(SolutionConfigurationPlatforms) = preSolution
		Debug|Any CPU = Debug|Any CPU
		Release|Any CPU = Release|Any CPU
	EndGlobalSection
	GlobalSection(ProjectConfigurationPlatforms) = postSolution
		{7F2BC5FB-5CB1-4863-8113-CEFFB29B9D12}.Debug|Any CPU.ActiveCfg = Debug|Any CPU
		{7F2BC5FB-5CB1-4863-8113-CEFFB29B9D12}.Debug|Any CPU.Build.0 = Debug|Any CPU
		{7F2BC5FB-5CB1-4863-8113-CEFFB29B9D12}.Release|Any CPU.ActiveCfg = Release|Any CPU
		{7F2BC5FB-5CB1-4863-8113-CEFFB29B9D12}.Release|Any CPU.Build.0 = Release|Any CPU
		{C30C4AD6-3C50-490E-9CBA-F15E9CCDD09D}.Debug|Any CPU.ActiveCfg = Debug|Any CPU
		{C30C4AD6-3C50-490E-9CBA-F15E9CCDD09D}.Debug|Any CPU.Build.0 = Debug|Any CPU
		{C30C4AD6-3C50-490E-9CBA-F15E9CCDD09D}.Release|Any CPU.ActiveCfg = Release|Any CPU
		{C30C4AD6-3C50-490E-9CBA-F15E9CCDD09D}.Release|Any CPU.Build.0 = Release|Any CPU
		{710061FA-E2AC-4B3D-B3E6-3AD0F853E79D}.Debug|Any CPU.ActiveCfg = Debug|Any CPU
		{710061FA-E2AC-4B3D-B3E6-3AD0F853E79D}.Debug|Any CPU.Build.0 = Debug|Any CPU
		{710061FA-E2AC-4B3D-B3E6-3AD0F853E79D}.Release|Any CPU.ActiveCfg = Release|Any CPU
		{710061FA-E2AC-4B3D-B3E6-3AD0F853E79D}.Release|Any CPU.Build.0 = Release|Any CPU
		{33602BCC-F780-4E80-AF56-64E70E64C5E0}.Debug|Any CPU.ActiveCfg = Debug|Any CPU
		{33602BCC-F780-4E80-AF56-64E70E64C5E0}.Debug|Any CPU.Build.0 = Debug|Any CPU
		{33602BCC-F780-4E80-AF56-64E70E64C5E0}.Release|Any CPU.ActiveCfg = Release|Any CPU
		{33602BCC-F780-4E80-AF56-64E70E64C5E0}.Release|Any CPU.Build.0 = Release|Any CPU
	EndGlobalSection
	GlobalSection(SolutionProperties) = preSolution
		HideSolutionNode = FALSE
	EndGlobalSection
EndGlobal
