
Microsoft Visual Studio Solution File, Format Version 12.00
# Visual Studio 14
VisualStudioVersion = 14.0.23107.0
MinimumVisualStudioVersion = 10.0.40219.1
Project("{FAE04EC0-301F-11D3-BF4B-00C04F79EFBC}") = "BinaryPasswords", "BinaryPasswords\BinaryPasswords.csproj", "{205C4B79-3268-4049-A56D-1D5EBB67EDAB}"
EndProject
Project("{FAE04EC0-301F-11D3-BF4B-00C04F79EFBC}") = "ColorfulBunnies", "ColorfulBunnies\ColorfulBunnies.csproj", "{339A5185-A3F6-4C63-98A5-791B7D5A6757}"
EndProject
Project("{FAE04EC0-301F-11D3-BF4B-00C04F79EFBC}") = "Divisiors", "Divisiors\Divisiors.csproj", "{0DA06B97-5D09-4F46-BF8A-58814E972E82}"
EndProject
Project("{FAE04EC0-301F-11D3-BF4B-00C04F79EFBC}") = "BinaryTrees", "BinaryTrees\BinaryTrees.csproj", "{CF46C587-6D8E-4BD1-9444-1CB74B0B1EFE}"
EndProject
Global
	GlobalSection(SolutionConfigurationPlatforms) = preSolution
		Debug|Any CPU = Debug|Any CPU
		Release|Any CPU = Release|Any CPU
	EndGlobalSection
	GlobalSection(ProjectConfigurationPlatforms) = postSolution
		{205C4B79-3268-4049-A56D-1D5EBB67EDAB}.Debug|Any CPU.ActiveCfg = Debug|Any CPU
		{205C4B79-3268-4049-A56D-1D5EBB67EDAB}.Debug|Any CPU.Build.0 = Debug|Any CPU
		{205C4B79-3268-4049-A56D-1D5EBB67EDAB}.Release|Any CPU.ActiveCfg = Release|Any CPU
		{205C4B79-3268-4049-A56D-1D5EBB67EDAB}.Release|Any CPU.Build.0 = Release|Any CPU
		{339A5185-A3F6-4C63-98A5-791B7D5A6757}.Debug|Any CPU.ActiveCfg = Debug|Any CPU
		{339A5185-A3F6-4C63-98A5-791B7D5A6757}.Debug|Any CPU.Build.0 = Debug|Any CPU
		{339A5185-A3F6-4C63-98A5-791B7D5A6757}.Release|Any CPU.ActiveCfg = Release|Any CPU
		{339A5185-A3F6-4C63-98A5-791B7D5A6757}.Release|Any CPU.Build.0 = Release|Any CPU
		{0DA06B97-5D09-4F46-BF8A-58814E972E82}.Debug|Any CPU.ActiveCfg = Debug|Any CPU
		{0DA06B97-5D09-4F46-BF8A-58814E972E82}.Debug|Any CPU.Build.0 = Debug|Any CPU
		{0DA06B97-5D09-4F46-BF8A-58814E972E82}.Release|Any CPU.ActiveCfg = Release|Any CPU
		{0DA06B97-5D09-4F46-BF8A-58814E972E82}.Release|Any CPU.Build.0 = Release|Any CPU
		{CF46C587-6D8E-4BD1-9444-1CB74B0B1EFE}.Debug|Any CPU.ActiveCfg = Debug|Any CPU
		{CF46C587-6D8E-4BD1-9444-1CB74B0B1EFE}.Debug|Any CPU.Build.0 = Debug|Any CPU
		{CF46C587-6D8E-4BD1-9444-1CB74B0B1EFE}.Release|Any CPU.ActiveCfg = Release|Any CPU
		{CF46C587-6D8E-4BD1-9444-1CB74B0B1EFE}.Release|Any CPU.Build.0 = Release|Any CPU
	EndGlobalSection
	GlobalSection(SolutionProperties) = preSolution
		HideSolutionNode = FALSE
	EndGlobalSection
EndGlobal
