
Microsoft Visual Studio Solution File, Format Version 12.00
# Visual Studio 14
VisualStudioVersion = 14.0.23107.0
MinimumVisualStudioVersion = 10.0.40219.1
Project("{FAE04EC0-301F-11D3-BF4B-00C04F79EFBC}") = "AlgorithmsComplexity", "AlgorithmsComplexity\AlgorithmsComplexity.csproj", "{AF4B01D0-1837-45AE-9B69-D75C065C6ED8}"
EndProject
Project("{FAE04EC0-301F-11D3-BF4B-00C04F79EFBC}") = "AlgorithmPracticeAside", "AlgorithmPracticeAside\AlgorithmPracticeAside.csproj", "{05C2AD37-E99F-4580-ACE4-9871F365CE22}"
EndProject
Global
	GlobalSection(SolutionConfigurationPlatforms) = preSolution
		Debug|Any CPU = Debug|Any CPU
		Release|Any CPU = Release|Any CPU
	EndGlobalSection
	GlobalSection(ProjectConfigurationPlatforms) = postSolution
		{AF4B01D0-1837-45AE-9B69-D75C065C6ED8}.Debug|Any CPU.ActiveCfg = Debug|Any CPU
		{AF4B01D0-1837-45AE-9B69-D75C065C6ED8}.Debug|Any CPU.Build.0 = Debug|Any CPU
		{AF4B01D0-1837-45AE-9B69-D75C065C6ED8}.Release|Any CPU.ActiveCfg = Release|Any CPU
		{AF4B01D0-1837-45AE-9B69-D75C065C6ED8}.Release|Any CPU.Build.0 = Release|Any CPU
		{05C2AD37-E99F-4580-ACE4-9871F365CE22}.Debug|Any CPU.ActiveCfg = Debug|Any CPU
		{05C2AD37-E99F-4580-ACE4-9871F365CE22}.Debug|Any CPU.Build.0 = Debug|Any CPU
		{05C2AD37-E99F-4580-ACE4-9871F365CE22}.Release|Any CPU.ActiveCfg = Release|Any CPU
		{05C2AD37-E99F-4580-ACE4-9871F365CE22}.Release|Any CPU.Build.0 = Release|Any CPU
	EndGlobalSection
	GlobalSection(SolutionProperties) = preSolution
		HideSolutionNode = FALSE
	EndGlobalSection
EndGlobal
